<?xml version="1.0" encoding="utf-8"?>
<Project ToolsVersion="4.0" xmlns="http://schemas.microsoft.com/developer/msbuild/2003">
  <ItemGroup>
    <Filter Include="源文件">
      <UniqueIdentifier>{4FC737F1-C7A5-4376-A066-2A32D752A2FF}</UniqueIdentifier>
      <Extensions>cpp;c;cc;cxx;def;odl;idl;hpj;bat;asm;asmx</Extensions>
    </Filter>
    <Filter Include="头文件">
      <UniqueIdentifier>{93995380-89BD-4b04-88EB-625FBE52EBFB}</UniqueIdentifier>
      <Extensions>h;hh;hpp;hxx;hm;inl;inc;xsd</Extensions>
    </Filter>
    <Filter Include="资源文件">
      <UniqueIdentifier>{67DA6AB6-F800-4c08-8B7A-83BB121AAD01}</UniqueIdentifier>
      <Extensions>rc;ico;cur;bmp;dlg;rc2;rct;bin;rgs;gif;jpg;jpeg;jpe;resx;tiff;tif;png;wav;mfcribbon-ms</Extensions>
    </Filter>
    <Filter Include="source">
      <UniqueIdentifier>{c490bf8a-dc06-466c-879a-52aa3fc0926e}</UniqueIdentifier>
    </Filter>
    <Filter Include="tcpio">
      <UniqueIdentifier>{43cdfccd-36e7-4cfc-b2b3-1b9fa0b49cb2}</UniqueIdentifier>
    </Filter>
    <Filter Include="event">
      <UniqueIdentifier>{8a62a421-4c5d-4755-933d-d08ce6e79b16}</UniqueIdentifier>
    </Filter>
  </ItemGroup>
  <ItemGroup>
    <Text Include="ReadMe.txt" />
  </ItemGroup>
  <ItemGroup>
    <ClInclude Include="stdafx.h">
      <Filter>头文件</Filter>
    </ClInclude>
    <ClInclude Include="targetver.h">
      <Filter>头文件</Filter>
    </ClInclude>
    <ClInclude Include="BilibiliMain.h">
      <Filter>头文件</Filter>
    </ClInclude>
    <ClInclude Include="BilibiliUserInfo.h">
      <Filter>头文件</Filter>
    </ClInclude>
    <ClInclude Include="BilibiliStruct.h">
      <Filter>头文件</Filter>
    </ClInclude>
    <ClInclude Include="BilibiliUserList.h">
      <Filter>头文件</Filter>
    </ClInclude>
    <ClInclude Include="resource.h">
      <Filter>头文件</Filter>
    </ClInclude>
    <ClInclude Include="BilibiliYunYing.h">
      <Filter>头文件</Filter>
    </ClInclude>
    <ClInclude Include="httpex.h">
      <Filter>头文件</Filter>
    </ClInclude>
    <ClInclude Include="sslex.h">
      <Filter>头文件</Filter>
    </ClInclude>
    <ClInclude Include="base64.h">
      <Filter>头文件</Filter>
    </ClInclude>
    <ClInclude Include="log.h">
      <Filter>头文件</Filter>
    </ClInclude>
    <ClInclude Include="source\source_base.h">
      <Filter>source</Filter>
    </ClInclude>
    <ClInclude Include="source\BilibiliDanmu.h">
      <Filter>source</Filter>
    </ClInclude>
    <ClInclude Include="source\BilibiliDanmuWS.h">
      <Filter>source</Filter>
    </ClInclude>
    <ClInclude Include="tcpio\wxclient.h">
      <Filter>tcpio</Filter>
    </ClInclude>
    <ClInclude Include="tcpio\socketsc.h">
      <Filter>tcpio</Filter>
    </ClInclude>
    <ClInclude Include="tcpio\asioclient.h">
      <Filter>tcpio</Filter>
    </ClInclude>
    <ClInclude Include="source\source_dmasio.h">
      <Filter>source</Filter>
    </ClInclude>
    <ClInclude Include="event\BilibiliDanmuAPI.h">
      <Filter>event</Filter>
    </ClInclude>
    <ClInclude Include="event\event_base.h">
      <Filter>event</Filter>
    </ClInclude>
    <ClInclude Include="source\proto_bl.h">
      <Filter>source</Filter>
    </ClInclude>
  </ItemGroup>
  <ItemGroup>
    <ClCompile Include="stdafx.cpp">
      <Filter>源文件</Filter>
    </ClCompile>
    <ClCompile Include="Bilibili.cpp">
      <Filter>源文件</Filter>
    </ClCompile>
    <ClCompile Include="BilibiliMain.cpp">
      <Filter>源文件</Filter>
    </ClCompile>
    <ClCompile Include="BilibiliUserInfo.cpp">
      <Filter>源文件</Filter>
    </ClCompile>
    <ClCompile Include="BilibiliUserList.cpp">
      <Filter>源文件</Filter>
    </ClCompile>
    <ClCompile Include="BilibiliYunYing.cpp">
      <Filter>源文件</Filter>
    </ClCompile>
    <ClCompile Include="httpex.cpp">
      <Filter>源文件</Filter>
    </ClCompile>
    <ClCompile Include="sslex.cpp">
      <Filter>源文件</Filter>
    </ClCompile>
    <ClCompile Include="base64.cpp">
      <Filter>源文件</Filter>
    </ClCompile>
    <ClCompile Include="log.cpp">
      <Filter>源文件</Filter>
    </ClCompile>
    <ClCompile Include="source\source_base.cpp">
      <Filter>source</Filter>
    </ClCompile>
    <ClCompile Include="source\BilibiliDanmu.cpp">
      <Filter>source</Filter>
    </ClCompile>
    <ClCompile Include="source\BilibiliDanmuWS.cpp">
      <Filter>source</Filter>
    </ClCompile>
    <ClCompile Include="tcpio\wsclient.cpp">
      <Filter>tcpio</Filter>
    </ClCompile>
    <ClCompile Include="tcpio\socketsc.cpp">
      <Filter>tcpio</Filter>
    </ClCompile>
    <ClCompile Include="tcpio\asioclient.cpp">
      <Filter>tcpio</Filter>
    </ClCompile>
    <ClCompile Include="source\source_dmasio.cpp">
      <Filter>source</Filter>
    </ClCompile>
    <ClCompile Include="event\BilibiliDanmuAPI.cpp">
      <Filter>event</Filter>
    </ClCompile>
    <ClCompile Include="event\event_base.cpp">
      <Filter>event</Filter>
    </ClCompile>
    <ClCompile Include="source\proto_bl.cpp">
      <Filter>source</Filter>
    </ClCompile>
  </ItemGroup>
  <ItemGroup>
    <ResourceCompile Include="Bilibili.rc">
      <Filter>资源文件</Filter>
    </ResourceCompile>
  </ItemGroup>
</Project>